// !$*UTF8*$!
{
	archiveVersion = 1;
	classes = {
	};
	objectVersion = 50;
	objects = {

/* Begin PBXBuildFile section */
		10FF155A1D6C884C28CCB415 /* Pods_CovidApp.framework in Frameworks */ = {isa = PBXBuildFile; fileRef = 5110D7E6AFE1660774D24A46 /* Pods_CovidApp.framework */; };
		7ADCD88E26140A4200C2D2C8 /* AppDelegate.swift in Sources */ = {isa = PBXBuildFile; fileRef = 7ADCD88D26140A4200C2D2C8 /* AppDelegate.swift */; };
		7ADCD89026140A4200C2D2C8 /* SceneDelegate.swift in Sources */ = {isa = PBXBuildFile; fileRef = 7ADCD88F26140A4200C2D2C8 /* SceneDelegate.swift */; };
		7ADCD89226140A4200C2D2C8 /* ViewController.swift in Sources */ = {isa = PBXBuildFile; fileRef = 7ADCD89126140A4200C2D2C8 /* ViewController.swift */; };
		7ADCD89526140A4200C2D2C8 /* Main.storyboard in Resources */ = {isa = PBXBuildFile; fileRef = 7ADCD89326140A4200C2D2C8 /* Main.storyboard */; };
		7ADCD89726140A4A00C2D2C8 /* Assets.xcassets in Resources */ = {isa = PBXBuildFile; fileRef = 7ADCD89626140A4A00C2D2C8 /* Assets.xcassets */; };
		7ADCD89A26140A4A00C2D2C8 /* LaunchScreen.storyboard in Resources */ = {isa = PBXBuildFile; fileRef = 7ADCD89826140A4A00C2D2C8 /* LaunchScreen.storyboard */; };
		7ADCD8A326140AD400C2D2C8 /* Constants.swift in Sources */ = {isa = PBXBuildFile; fileRef = 7ADCD8A226140AD400C2D2C8 /* Constants.swift */; };
		7ADCD8AA26140D0B00C2D2C8 /* CovidTableViewCell.swift in Sources */ = {isa = PBXBuildFile; fileRef = 7ADCD8A826140D0B00C2D2C8 /* CovidTableViewCell.swift */; };
		7ADCD8AB26140D0B00C2D2C8 /* CovidTableViewCell.xib in Resources */ = {isa = PBXBuildFile; fileRef = 7ADCD8A926140D0B00C2D2C8 /* CovidTableViewCell.xib */; };
		7ADCD8AE26140E3800C2D2C8 /* Covid.swift in Sources */ = {isa = PBXBuildFile; fileRef = 7ADCD8AD26140E3800C2D2C8 /* Covid.swift */; };
/* End PBXBuildFile section */

/* Begin PBXFileReference section */
		15E29BDDB8A69E892104A08E /* Pods-CovidApp.debug.xcconfig */ = {isa = PBXFileReference; includeInIndex = 1; lastKnownFileType = text.xcconfig; name = "Pods-CovidApp.debug.xcconfig"; path = "Target Support Files/Pods-CovidApp/Pods-CovidApp.debug.xcconfig"; sourceTree = "<group>"; };
		5110D7E6AFE1660774D24A46 /* Pods_CovidApp.framework */ = {isa = PBXFileReference; explicitFileType = wrapper.framework; includeInIndex = 0; path = Pods_CovidApp.framework; sourceTree = BUILT_PRODUCTS_DIR; };
		7ADCD88A26140A4200C2D2C8 /* CovidApp.app */ = {isa = PBXFileReference; explicitFileType = wrapper.application; includeInIndex = 0; path = CovidApp.app; sourceTree = BUILT_PRODUCTS_DIR; };
		7ADCD88D26140A4200C2D2C8 /* AppDelegate.swift */ = {isa = PBXFileReference; lastKnownFileType = sourcecode.swift; path = AppDelegate.swift; sourceTree = "<group>"; };
		7ADCD88F26140A4200C2D2C8 /* SceneDelegate.swift */ = {isa = PBXFileReference; lastKnownFileType = sourcecode.swift; path = SceneDelegate.swift; sourceTree = "<group>"; };
		7ADCD89126140A4200C2D2C8 /* ViewController.swift */ = {isa = PBXFileReference; lastKnownFileType = sourcecode.swift; path = ViewController.swift; sourceTree = "<group>"; };
		7ADCD89426140A4200C2D2C8 /* Base */ = {isa = PBXFileReference; lastKnownFileType = file.storyboard; name = Base; path = Base.lproj/Main.storyboard; sourceTree = "<group>"; };
		7ADCD89626140A4A00C2D2C8 /* Assets.xcassets */ = {isa = PBXFileReference; lastKnownFileType = folder.assetcatalog; path = Assets.xcassets; sourceTree = "<group>"; };
		7ADCD89926140A4A00C2D2C8 /* Base */ = {isa = PBXFileReference; lastKnownFileType = file.storyboard; name = Base; path = Base.lproj/LaunchScreen.storyboard; sourceTree = "<group>"; };
		7ADCD89B26140A4A00C2D2C8 /* Info.plist */ = {isa = PBXFileReference; lastKnownFileType = text.plist.xml; path = Info.plist; sourceTree = "<group>"; };
		7ADCD8A226140AD400C2D2C8 /* Constants.swift */ = {isa = PBXFileReference; lastKnownFileType = sourcecode.swift; path = Constants.swift; sourceTree = "<group>"; };
		7ADCD8A826140D0B00C2D2C8 /* CovidTableViewCell.swift */ = {isa = PBXFileReference; lastKnownFileType = sourcecode.swift; path = CovidTableViewCell.swift; sourceTree = "<group>"; };
		7ADCD8A926140D0B00C2D2C8 /* CovidTableViewCell.xib */ = {isa = PBXFileReference; lastKnownFileType = file.xib; path = CovidTableViewCell.xib; sourceTree = "<group>"; };
		7ADCD8AD26140E3800C2D2C8 /* Covid.swift */ = {isa = PBXFileReference; lastKnownFileType = sourcecode.swift; path = Covid.swift; sourceTree = "<group>"; };
		B46A4BD3074F5C70A632A5B7 /* Pods-CovidApp.release.xcconfig */ = {isa = PBXFileReference; includeInIndex = 1; lastKnownFileType = text.xcconfig; name = "Pods-CovidApp.release.xcconfig"; path = "Target Support Files/Pods-CovidApp/Pods-CovidApp.release.xcconfig"; sourceTree = "<group>"; };
/* End PBXFileReference section */

/* Begin PBXFrameworksBuildPhase section */
		7ADCD88726140A4200C2D2C8 /* Frameworks */ = {
			isa = PBXFrameworksBuildPhase;
			buildActionMask = 2147483647;
			files = (
				10FF155A1D6C884C28CCB415 /* Pods_CovidApp.framework in Frameworks */,
			);
			runOnlyForDeploymentPostprocessing = 0;
		};
/* End PBXFrameworksBuildPhase section */

/* Begin PBXGroup section */
		2C12A7C14E62A03D08739DEA /* Pods */ = {
			isa = PBXGroup;
			children = (
				15E29BDDB8A69E892104A08E /* Pods-CovidApp.debug.xcconfig */,
				B46A4BD3074F5C70A632A5B7 /* Pods-CovidApp.release.xcconfig */,
			);
			path = Pods;
			sourceTree = "<group>";
		};
		7ADCD88126140A4200C2D2C8 = {
			isa = PBXGroup;
			children = (
				7ADCD88C26140A4200C2D2C8 /* CovidApp */,
				7ADCD88B26140A4200C2D2C8 /* Products */,
				2C12A7C14E62A03D08739DEA /* Pods */,
				88431834BCA505E5D0B1779B /* Frameworks */,
			);
			sourceTree = "<group>";
		};
		7ADCD88B26140A4200C2D2C8 /* Products */ = {
			isa = PBXGroup;
			children = (
				7ADCD88A26140A4200C2D2C8 /* CovidApp.app */,
			);
			name = Products;
			sourceTree = "<group>";
		};
		7ADCD88C26140A4200C2D2C8 /* CovidApp */ = {
			isa = PBXGroup;
			children = (
				7ADCD88D26140A4200C2D2C8 /* AppDelegate.swift */,
				7ADCD88F26140A4200C2D2C8 /* SceneDelegate.swift */,
				7ADCD89126140A4200C2D2C8 /* ViewController.swift */,
				7ADCD89326140A4200C2D2C8 /* Main.storyboard */,
				7ADCD89626140A4A00C2D2C8 /* Assets.xcassets */,
				7ADCD89826140A4A00C2D2C8 /* LaunchScreen.storyboard */,
				7ADCD89B26140A4A00C2D2C8 /* Info.plist */,
				7ADCD8A226140AD400C2D2C8 /* Constants.swift */,
				7ADCD8A826140D0B00C2D2C8 /* CovidTableViewCell.swift */,
				7ADCD8A926140D0B00C2D2C8 /* CovidTableViewCell.xib */,
				7ADCD8AD26140E3800C2D2C8 /* Covid.swift */,
			);
			path = CovidApp;
			sourceTree = "<group>";
		};
		88431834BCA505E5D0B1779B /* Frameworks */ = {
			isa = PBXGroup;
			children = (
				5110D7E6AFE1660774D24A46 /* Pods_CovidApp.framework */,
			);
			name = Frameworks;
			sourceTree = "<group>";
		};
/* End PBXGroup section */

/* Begin PBXNativeTarget section */
		7ADCD88926140A4200C2D2C8 /* CovidApp */ = {
			isa = PBXNativeTarget;
			buildConfigurationList = 7ADCD89E26140A4A00C2D2C8 /* Build configuration list for PBXNativeTarget "CovidApp" */;
			buildPhases = (
				C45B22F990BFCF1E68BE93BF /* [CP] Check Pods Manifest.lock */,
				7ADCD88626140A4200C2D2C8 /* Sources */,
				7ADCD88726140A4200C2D2C8 /* Frameworks */,
				7ADCD88826140A4200C2D2C8 /* Resources */,
				01027C4CED912518ED96B3CF /* [CP] Embed Pods Frameworks */,
			);
			buildRules = (
			);
			dependencies = (
			);
			name = CovidApp;
			productName = CovidApp;
			productReference = 7ADCD88A26140A4200C2D2C8 /* CovidApp.app */;
			productType = "com.apple.product-type.application";
		};
/* End PBXNativeTarget section */

/* Begin PBXProject section */
		7ADCD88226140A4200C2D2C8 /* Project object */ = {
			isa = PBXProject;
			attributes = {
				LastSwiftUpdateCheck = 1230;
				LastUpgradeCheck = 1230;
				TargetAttributes = {
					7ADCD88926140A4200C2D2C8 = {
						CreatedOnToolsVersion = 12.3;
					};
				};
			};
			buildConfigurationList = 7ADCD88526140A4200C2D2C8 /* Build configuration list for PBXProject "CovidApp" */;
			compatibilityVersion = "Xcode 9.3";
			developmentRegion = en;
			hasScannedForEncodings = 0;
			knownRegions = (
				en,
				Base,
			);
			mainGroup = 7ADCD88126140A4200C2D2C8;
			productRefGroup = 7ADCD88B26140A4200C2D2C8 /* Products */;
			projectDirPath = "";
			projectRoot = "";
			targets = (
				7ADCD88926140A4200C2D2C8 /* CovidApp */,
			);
		};
/* End PBXProject section */

/* Begin PBXResourcesBuildPhase section */
		7ADCD88826140A4200C2D2C8 /* Resources */ = {
			isa = PBXResourcesBuildPhase;
			buildActionMask = 2147483647;
			files = (
				7ADCD89A26140A4A00C2D2C8 /* LaunchScreen.storyboard in Resources */,
				7ADCD89726140A4A00C2D2C8 /* Assets.xcassets in Resources */,
				7ADCD89526140A4200C2D2C8 /* Main.storyboard in Resources */,
				7ADCD8AB26140D0B00C2D2C8 /* CovidTableViewCell.xib in Resources */,
			);
			runOnlyForDeploymentPostprocessing = 0;
		};
/* End PBXResourcesBuildPhase section */

/* Begin PBXShellScriptBuildPhase section */
		01027C4CED912518ED96B3CF /* [CP] Embed Pods Frameworks */ = {
			isa = PBXShellScriptBuildPhase;
			buildActionMask = 2147483647;
			files = (
			);
			inputFileListPaths = (
				"${PODS_ROOT}/Target Support Files/Pods-CovidApp/Pods-CovidApp-frameworks-${CONFIGURATION}-input-files.xcfilelist",
			);
			name = "[CP] Embed Pods Frameworks";
			outputFileListPaths = (
				"${PODS_ROOT}/Target Support Files/Pods-CovidApp/Pods-CovidApp-frameworks-${CONFIGURATION}-output-files.xcfilelist",
			);
			runOnlyForDeploymentPostprocessing = 0;
			shellPath = /bin/sh;
			shellScript = "\"${PODS_ROOT}/Target Support Files/Pods-CovidApp/Pods-CovidApp-frameworks.sh\"\n";
			showEnvVarsInLog = 0;
		};
		C45B22F990BFCF1E68BE93BF /* [CP] Check Pods Manifest.lock */ = {
			isa = PBXShellScriptBuildPhase;
			buildActionMask = 2147483647;
			files = (
			);
			inputFileListPaths = (
			);
			inputPaths = (
				"${PODS_PODFILE_DIR_PATH}/Podfile.lock",
				"${PODS_ROOT}/Manifest.lock",
			);
			name = "[CP] Check Pods Manifest.lock";
			outputFileListPaths = (
			);
			outputPaths = (
				"$(DERIVED_FILE_DIR)/Pods-CovidApp-checkManifestLockResult.txt",
			);
			runOnlyForDeploymentPostprocessing = 0;
			shellPath = /bin/sh;
			shellScript = "diff \"${PODS_PODFILE_DIR_PATH}/Podfile.lock\" \"${PODS_ROOT}/Manifest.lock\" > /dev/null\nif [ $? != 0 ] ; then\n    # print error to STDERR\n    echo \"error: The sandbox is not in sync with the Podfile.lock. Run 'pod install' or update your CocoaPods installation.\" >&2\n    exit 1\nfi\n# This output is used by Xcode 'outputs' to avoid re-running this script phase.\necho \"SUCCESS\" > \"${SCRIPT_OUTPUT_FILE_0}\"\n";
			showEnvVarsInLog = 0;
		};
/* End PBXShellScriptBuildPhase section */

/* Begin PBXSourcesBuildPhase section */
		7ADCD88626140A4200C2D2C8 /* Sources */ = {
			isa = PBXSourcesBuildPhase;
			buildActionMask = 2147483647;
			files = (
				7ADCD89226140A4200C2D2C8 /* ViewController.swift in Sources */,
				7ADCD8AE26140E3800C2D2C8 /* Covid.swift in Sources */,
				7ADCD88E26140A4200C2D2C8 /* AppDelegate.swift in Sources */,
				7ADCD8AA26140D0B00C2D2C8 /* CovidTableViewCell.swift in Sources */,
				7ADCD89026140A4200C2D2C8 /* SceneDelegate.swift in Sources */,
				7ADCD8A326140AD400C2D2C8 /* Constants.swift in Sources */,
			);
			runOnlyForDeploymentPostprocessing = 0;
		};
/* End PBXSourcesBuildPhase section */

/* Begin PBXVariantGroup section */
		7ADCD89326140A4200C2D2C8 /* Main.storyboard */ = {
			isa = PBXVariantGroup;
			children = (
				7ADCD89426140A4200C2D2C8 /* Base */,
			);
			name = Main.storyboard;
			sourceTree = "<group>";
		};
		7ADCD89826140A4A00C2D2C8 /* LaunchScreen.storyboard */ = {
			isa = PBXVariantGroup;
			children = (
				7ADCD89926140A4A00C2D2C8 /* Base */,
			);
			name = LaunchScreen.storyboard;
			sourceTree = "<group>";
		};
/* End PBXVariantGroup section */

/* Begin XCBuildConfiguration section */
		7ADCD89C26140A4A00C2D2C8 /* Debug */ = {
			isa = XCBuildConfiguration;
			buildSettings = {
				ALWAYS_SEARCH_USER_PATHS = NO;
				CLANG_ANALYZER_NONNULL = YES;
				CLANG_ANALYZER_NUMBER_OBJECT_CONVERSION = YES_AGGRESSIVE;
				CLANG_CXX_LANGUAGE_STANDARD = "gnu++14";
				CLANG_CXX_LIBRARY = "libc++";
				CLANG_ENABLE_MODULES = YES;
				CLANG_ENABLE_OBJC_ARC = YES;
				CLANG_ENABLE_OBJC_WEAK = YES;
				CLANG_WARN_BLOCK_CAPTURE_AUTORELEASING = YES;
				CLANG_WARN_BOOL_CONVERSION = YES;
				CLANG_WARN_COMMA = YES;
				CLANG_WARN_CONSTANT_CONVERSION = YES;
				CLANG_WARN_DEPRECATED_OBJC_IMPLEMENTATIONS = YES;
				CLANG_WARN_DIRECT_OBJC_ISA_USAGE = YES_ERROR;
				CLANG_WARN_DOCUMENTATION_COMMENTS = YES;
				CLANG_WARN_EMPTY_BODY = YES;
				CLANG_WARN_ENUM_CONVERSION = YES;
				CLANG_WARN_INFINITE_RECURSION = YES;
				CLANG_WARN_INT_CONVERSION = YES;
				CLANG_WARN_NON_LITERAL_NULL_CONVERSION = YES;
				CLANG_WARN_OBJC_IMPLICIT_RETAIN_SELF = YES;
				CLANG_WARN_OBJC_LITERAL_CONVERSION = YES;
				CLANG_WARN_OBJC_ROOT_CLASS = YES_ERROR;
				CLANG_WARN_QUOTED_INCLUDE_IN_FRAMEWORK_HEADER = YES;
				CLANG_WARN_RANGE_LOOP_ANALYSIS = YES;
				CLANG_WARN_STRICT_PROTOTYPES = YES;
				CLANG_WARN_SUSPICIOUS_MOVE = YES;
				CLANG_WARN_UNGUARDED_AVAILABILITY = YES_AGGRESSIVE;
				CLANG_WARN_UNREACHABLE_CODE = YES;
				CLANG_WARN__DUPLICATE_METHOD_MATCH = YES;
				COPY_PHASE_STRIP = NO;
				DEBUG_INFORMATION_FORMAT = dwarf;
				ENABLE_STRICT_OBJC_MSGSEND = YES;
				ENABLE_TESTABILITY = YES;
				GCC_C_LANGUAGE_STANDARD = gnu11;
				GCC_DYNAMIC_NO_PIC = NO;
				GCC_NO_COMMON_BLOCKS = YES;
				GCC_OPTIMIZATION_LEVEL = 0;
				GCC_PREPROCESSOR_DEFINITIONS = (
					"DEBUG=1",
					"$(inherited)",
				);
				GCC_WARN_64_TO_32_BIT_CONVERSION = YES;
				GCC_WARN_ABOUT_RETURN_TYPE = YES_ERROR;
				GCC_WARN_UNDECLARED_SELECTOR = YES;
				GCC_WARN_UNINITIALIZED_AUTOS = YES_AGGRESSIVE;
				GCC_WARN_UNUSED_FUNCTION = YES;
				GCC_WARN_UNUSED_VARIABLE = YES;
				IPHONEOS_DEPLOYMENT_TARGET = 14.3;
				MTL_ENABLE_DEBUG_INFO = INCLUDE_SOURCE;
				MTL_FAST_MATH = YES;
				ONLY_ACTIVE_ARCH = YES;
				SDKROOT = iphoneos;
				SWIFT_ACTIVE_COMPILATION_CONDITIONS = DEBUG;
				SWIFT_OPTIMIZATION_LEVEL = "-Onone";
			};
			name = Debug;
		};
		7ADCD89D26140A4A00C2D2C8 /* Release */ = {
			isa = XCBuildConfiguration;
			buildSettings = {
				ALWAYS_SEARCH_USER_PATHS = NO;
				CLANG_ANALYZER_NONNULL = YES;
				CLANG_ANALYZER_NUMBER_OBJECT_CONVERSION = YES_AGGRESSIVE;
				CLANG_CXX_LANGUAGE_STANDARD = "gnu++14";
				CLANG_CXX_LIBRARY = "libc++";
				CLANG_ENABLE_MODULES = YES;
				CLANG_ENABLE_OBJC_ARC = YES;
				CLANG_ENABLE_OBJC_WEAK = YES;
				CLANG_WARN_BLOCK_CAPTURE_AUTORELEASING = YES;
				CLANG_WARN_BOOL_CONVERSION = YES;
				CLANG_WARN_COMMA = YES;
				CLANG_WARN_CONSTANT_CONVERSION = YES;
				CLANG_WARN_DEPRECATED_OBJC_IMPLEMENTATIONS = YES;
				CLANG_WARN_DIRECT_OBJC_ISA_USAGE = YES_ERROR;
				CLANG_WARN_DOCUMENTATION_COMMENTS = YES;
				CLANG_WARN_EMPTY_BODY = YES;
				CLANG_WARN_ENUM_CONVERSION = YES;
				CLANG_WARN_INFINITE_RECURSION = YES;
				CLANG_WARN_INT_CONVERSION = YES;
				CLANG_WARN_NON_LITERAL_NULL_CONVERSION = YES;
				CLANG_WARN_OBJC_IMPLICIT_RETAIN_SELF = YES;
				CLANG_WARN_OBJC_LITERAL_CONVERSION = YES;
				CLANG_WARN_OBJC_ROOT_CLASS = YES_ERROR;
				CLANG_WARN_QUOTED_INCLUDE_IN_FRAMEWORK_HEADER = YES;
				CLANG_WARN_RANGE_LOOP_ANALYSIS = YES;
				CLANG_WARN_STRICT_PROTOTYPES = YES;
				CLANG_WARN_SUSPICIOUS_MOVE = YES;
				CLANG_WARN_UNGUARDED_AVAILABILITY = YES_AGGRESSIVE;
				CLANG_WARN_UNREACHABLE_CODE = YES;
				CLANG_WARN__DUPLICATE_METHOD_MATCH = YES;
				COPY_PHASE_STRIP = NO;
				DEBUG_INFORMATION_FORMAT = "dwarf-with-dsym";
				ENABLE_NS_ASSERTIONS = NO;
				ENABLE_STRICT_OBJC_MSGSEND = YES;
				GCC_C_LANGUAGE_STANDARD = gnu11;
				GCC_NO_COMMON_BLOCKS = YES;
				GCC_WARN_64_TO_32_BIT_CONVERSION = YES;
				GCC_WARN_ABOUT_RETURN_TYPE = YES_ERROR;
				GCC_WARN_UNDECLARED_SELECTOR = YES;
				GCC_WARN_UNINITIALIZED_AUTOS = YES_AGGRESSIVE;
				GCC_WARN_UNUSED_FUNCTION = YES;
				GCC_WARN_UNUSED_VARIABLE = YES;
				IPHONEOS_DEPLOYMENT_TARGET = 14.3;
				MTL_ENABLE_DEBUG_INFO = NO;
				MTL_FAST_MATH = YES;
				SDKROOT = iphoneos;
				SWIFT_COMPILATION_MODE = wholemodule;
				SWIFT_OPTIMIZATION_LEVEL = "-O";
				VALIDATE_PRODUCT = YES;
			};
			name = Release;
		};
		7ADCD89F26140A4A00C2D2C8 /* Debug */ = {
			isa = XCBuildConfiguration;
			baseConfigurationReference = 15E29BDDB8A69E892104A08E /* Pods-CovidApp.debug.xcconfig */;
			buildSettings = {
				ASSETCATALOG_COMPILER_APPICON_NAME = AppIcon;
				ASSETCATALOG_COMPILER_GLOBAL_ACCENT_COLOR_NAME = AccentColor;
				CODE_SIGN_STYLE = Automatic;
				INFOPLIST_FILE = CovidApp/Info.plist;
				LD_RUNPATH_SEARCH_PATHS = (
					"$(inherited)",
					"@executable_path/Frameworks",
				);
				PRODUCT_BUNDLE_IDENTIFIER = edu.northeastern.geetha.CovidApp;
				PRODUCT_NAME = "$(TARGET_NAME)";
				SWIFT_VERSION = 5.0;
				TARGETED_DEVICE_FAMILY = "1,2";
			};
			name = Debug;
		};
		7ADCD8A026140A4A00C2D2C8 /* Release */ = {
			isa = XCBuildConfiguration;
			baseConfigurationReference = B46A4BD3074F5C70A632A5B7 /* Pods-CovidApp.release.xcconfig */;
			buildSettings = {
				ASSETCATALOG_COMPILER_APPICON_NAME = AppIcon;
				ASSETCATALOG_COMPILER_GLOBAL_ACCENT_COLOR_NAME = AccentColor;
				CODE_SIGN_STYLE = Automatic;
				INFOPLIST_FILE = CovidApp/Info.plist;
				LD_RUNPATH_SEARCH_PATHS = (
					"$(inherited)",
					"@executable_path/Frameworks",
				);
				PRODUCT_BUNDLE_IDENTIFIER = edu.northeastern.geetha.CovidApp;
				PRODUCT_NAME = "$(TARGET_NAME)";
				SWIFT_VERSION = 5.0;
				TARGETED_DEVICE_FAMILY = "1,2";
			};
			name = Release;
		};
/* End XCBuildConfiguration section */

/* Begin XCConfigurationList section */
		7ADCD88526140A4200C2D2C8 /* Build configuration list for PBXProject "CovidApp" */ = {
			isa = XCConfigurationList;
			buildConfigurations = (
				7ADCD89C26140A4A00C2D2C8 /* Debug */,
				7ADCD89D26140A4A00C2D2C8 /* Release */,
			);
			defaultConfigurationIsVisible = 0;
			defaultConfigurationName = Release;
		};
		7ADCD89E26140A4A00C2D2C8 /* Build configuration list for PBXNativeTarget "CovidApp" */ = {
			isa = XCConfigurationList;
			buildConfigurations = (
				7ADCD89F26140A4A00C2D2C8 /* Debug */,
				7ADCD8A026140A4A00C2D2C8 /* Release */,
			);
			defaultConfigurationIsVisible = 0;
			defaultConfigurationName = Release;
		};
/* End XCConfigurationList section */
	};
	rootObject = 7ADCD88226140A4200C2D2C8 /* Project object */;
}
